
Microsoft Visual Studio Solution File, Format Version 12.00
# Visual Studio Version 16
VisualStudioVersion = 16.0.33027.164
MinimumVisualStudioVersion = 10.0.40219.1
Project("{FAE04EC0-301F-11D3-BF4B-00C04F79EFBC}") = "DoubleFilesChecker", "DoubleFilesChecker\DoubleFilesChecker.csproj", "{D0FCC15D-A032-44B2-9941-74E1EA3DDF25}"
EndProject
Global
	GlobalSection(SolutionConfigurationPlatforms) = preSolution
		Debug|Any CPU = Debug|Any CPU
		Release|Any CPU = Release|Any CPU
	EndGlobalSection
	GlobalSection(ProjectConfigurationPlatforms) = postSolution
		{D0FCC15D-A032-44B2-9941-74E1EA3DDF25}.Debug|Any CPU.ActiveCfg = Debug|Any CPU
		{D0FCC15D-A032-44B2-9941-74E1EA3DDF25}.Debug|Any CPU.Build.0 = Debug|Any CPU
		{D0FCC15D-A032-44B2-9941-74E1EA3DDF25}.Release|Any CPU.ActiveCfg = Release|Any CPU
		{D0FCC15D-A032-44B2-9941-74E1EA3DDF25}.Release|Any CPU.Build.0 = Release|Any CPU
	EndGlobalSection
	GlobalSection(SolutionProperties) = preSolution
		HideSolutionNode = FALSE
	EndGlobalSection
	GlobalSection(ExtensibilityGlobals) = postSolution
		SolutionGuid = {0FE2097C-EC62-4AA4-8A44-90DF3F6A83B1}
	EndGlobalSection
EndGlobal
