
Microsoft Visual Studio Solution File, Format Version 12.00
# Visual Studio Version 17
VisualStudioVersion = 17.14.36705.20 d17.14
MinimumVisualStudioVersion = 10.0.40219.1
Project("{FAE04EC0-301F-11D3-BF4B-00C04F79EFBC}") = "SupplierProductCalculator", "SupplierProductCalculator\SupplierProductCalculator.csproj", "{02C186BD-02E2-42AB-9827-0F6982302A4D}"
EndProject
Global
	GlobalSection(SolutionConfigurationPlatforms) = preSolution
		Debug|Any CPU = Debug|Any CPU
		Release|Any CPU = Release|Any CPU
	EndGlobalSection
	GlobalSection(ProjectConfigurationPlatforms) = postSolution
		{02C186BD-02E2-42AB-9827-0F6982302A4D}.Debug|Any CPU.ActiveCfg = Debug|Any CPU
		{02C186BD-02E2-42AB-9827-0F6982302A4D}.Debug|Any CPU.Build.0 = Debug|Any CPU
		{02C186BD-02E2-42AB-9827-0F6982302A4D}.Release|Any CPU.ActiveCfg = Release|Any CPU
		{02C186BD-02E2-42AB-9827-0F6982302A4D}.Release|Any CPU.Build.0 = Release|Any CPU
	EndGlobalSection
	GlobalSection(SolutionProperties) = preSolution
		HideSolutionNode = FALSE
	EndGlobalSection
	GlobalSection(ExtensibilityGlobals) = postSolution
		SolutionGuid = {50F2B83A-827A-436F-B9BD-B5DA0D107442}
	EndGlobalSection
EndGlobal
