
Microsoft Visual Studio Solution File, Format Version 12.00
# Visual Studio Version 17
VisualStudioVersion = 17.14.36327.8 d17.14
MinimumVisualStudioVersion = 10.0.40219.1
Project("{FAE04EC0-301F-11D3-BF4B-00C04F79EFBC}") = "ScrinkLargestVideos", "ScrinkLargestVideos\ScrinkLargestVideos.csproj", "{FF86C9F0-A400-4200-AE54-6C40F0A4229D}"
EndProject
Project("{FAE04EC0-301F-11D3-BF4B-00C04F79EFBC}") = "gAPI.EntityFrameworkDisk", "..\..\gAPI\gAPI.EntityFrameworkDisk\gAPI.EntityFrameworkDisk.csproj", "{D54C9B56-92BA-81F9-6011-D5DE3311F90C}"
EndProject
Global
	GlobalSection(SolutionConfigurationPlatforms) = preSolution
		Debug|Any CPU = Debug|Any CPU
		Release|Any CPU = Release|Any CPU
	EndGlobalSection
	GlobalSection(ProjectConfigurationPlatforms) = postSolution
		{FF86C9F0-A400-4200-AE54-6C40F0A4229D}.Debug|Any CPU.ActiveCfg = Debug|Any CPU
		{FF86C9F0-A400-4200-AE54-6C40F0A4229D}.Debug|Any CPU.Build.0 = Debug|Any CPU
		{FF86C9F0-A400-4200-AE54-6C40F0A4229D}.Release|Any CPU.ActiveCfg = Release|Any CPU
		{FF86C9F0-A400-4200-AE54-6C40F0A4229D}.Release|Any CPU.Build.0 = Release|Any CPU
		{D54C9B56-92BA-81F9-6011-D5DE3311F90C}.Debug|Any CPU.ActiveCfg = Debug|Any CPU
		{D54C9B56-92BA-81F9-6011-D5DE3311F90C}.Debug|Any CPU.Build.0 = Debug|Any CPU
		{D54C9B56-92BA-81F9-6011-D5DE3311F90C}.Release|Any CPU.ActiveCfg = Release|Any CPU
		{D54C9B56-92BA-81F9-6011-D5DE3311F90C}.Release|Any CPU.Build.0 = Release|Any CPU
	EndGlobalSection
	GlobalSection(SolutionProperties) = preSolution
		HideSolutionNode = FALSE
	EndGlobalSection
	GlobalSection(ExtensibilityGlobals) = postSolution
		SolutionGuid = {8EFA9D3F-B335-4E79-9B62-941DFCDDEA0C}
	EndGlobalSection
EndGlobal
