<Solution>
  <Folder Name="/gAPI/">
    <Project Path="gAPI/gAPI.AutoAuth.Client/gAPI.AutoAuth.Client.csproj" />
    <Project Path="gAPI/gAPI.AutoAuth.Server/gAPI.AutoAuth.Server.csproj" />
    <Project Path="gAPI/gAPI.AutoComponent/gAPI.AutoComponent.csproj" />
    <Project Path="gAPI/gAPI.AutoSerializer/gAPI.AutoSerializer.csproj" />
    <Project Path="gAPI/gAPI.AutoWss.Client/gAPI.AutoWss.Client.csproj" />
    <Project Path="gAPI/gAPI.AutoWss.Server/gAPI.AutoWss.Server.csproj" />
    <Project Path="gAPI/gAPI.CodeGen.Backend/gAPI.CodeGen.Backend.csproj" />
    <Project Path="gAPI/gAPI.CodeGen.Frontend/gAPI.CodeGen.Frontend.csproj" />
    <Project Path="gAPI/gAPI.Core.Client/gAPI.Core.Client.csproj" />
    <Project Path="gAPI/gAPI.Core.Server/gAPI.Core.Server.csproj" />
    <Project Path="gAPI/gAPI.Core/gAPI.Core.csproj" />
    <Project Path="gAPI/gAPI.EntityFrameworkDisk/gAPI.EntityFrameworkDisk.csproj" />
    <Project Path="gAPI/gAPI.Storage.Server/gAPI.Storage.Server.csproj" />
  </Folder>
  <Folder Name="/Generator/">
    <Project Path="TinderWithStats.Backend.Generator/TinderWithStats.Backend.Generator.csproj" />
  </Folder>
  <Project Path="TinderWithStats.Backend/TinderWithStats.Backend.csproj" />
  <Project Path="TinderWithStats.FileServer/TinderWithStats.FileServer.csproj" />
  <Project Path="TinderWithStats.Razor/TinderWithStats.Frontend.Razor.csproj" />
  <Project Path="TinderWithStats.Shared/TinderWithStats.Shared.csproj" />
  <Project Path="TinderWithStats/TinderWithStats.Frontend.csproj" />
</Solution>
